twig fb6d5660ab05de1a56fa217b0931a2c1cd580c58
plum cc96eae35a07dfc6538dcf8f348990330ebb1560
lightopenid 97e71eb5f5bb98a14cc3d02452713bd08dce66df
irc-parser-extension f3810873f02afacfd1cf36ae561260246c03200c
plum-service-provider 6dc0d53a05669f8afdbce89225f5a245a0dba61e
finder-component 2c0420039a19aa5c323c80825a63ac0c96921c55