twig 941ce5b67240e479e487d1dc673cbc60842e2bef
plum 8957a0199a910d72d524ee75b1cc085f3c80439f
lightopenid 97e71eb5f5bb98a14cc3d02452713bd08dce66df
irc-parser-extension f3810873f02afacfd1cf36ae561260246c03200c
plum-service-provider 19bec0fb8dfe80f15fe6de9c8ae85166880b6c2d
finder-component 2c0420039a19aa5c323c80825a63ac0c96921c55